
Microsoft Visual Studio Solution File, Format Version 12.00
# Visual Studio Version 17
VisualStudioVersion = 17.13.35825.156 d17.13
MinimumVisualStudioVersion = 10.0.40219.1
Project("{FAE04EC0-301F-11D3-BF4B-00C04F79EFBC}") = "FileR2ToR3", "FileR2ToR3\FileR2ToR3.csproj", "{1B207315-E3BC-436A-B8C0-B1FB1DDD7F33}"
EndProject
Project("{FAE04EC0-301F-11D3-BF4B-00C04F79EFBC}") = "DbR2", "DbR2\DbR2.csproj", "{B43B2A3F-1783-4C06-AF1C-EF0A1BF40981}"
EndProject
Project("{FAE04EC0-301F-11D3-BF4B-00C04F79EFBC}") = "DbR3", "DbR3\DbR3.csproj", "{9C1688C0-160E-405F-9ED2-35851AF48CF4}"
EndProject
Global
	GlobalSection(SolutionConfigurationPlatforms) = preSolution
		Debug|Any CPU = Debug|Any CPU
		Release|Any CPU = Release|Any CPU
	EndGlobalSection
	GlobalSection(ProjectConfigurationPlatforms) = postSolution
		{1B207315-E3BC-436A-B8C0-B1FB1DDD7F33}.Debug|Any CPU.ActiveCfg = Debug|Any CPU
		{1B207315-E3BC-436A-B8C0-B1FB1DDD7F33}.Debug|Any CPU.Build.0 = Debug|Any CPU
		{1B207315-E3BC-436A-B8C0-B1FB1DDD7F33}.Release|Any CPU.ActiveCfg = Release|Any CPU
		{1B207315-E3BC-436A-B8C0-B1FB1DDD7F33}.Release|Any CPU.Build.0 = Release|Any CPU
		{B43B2A3F-1783-4C06-AF1C-EF0A1BF40981}.Debug|Any CPU.ActiveCfg = Debug|Any CPU
		{B43B2A3F-1783-4C06-AF1C-EF0A1BF40981}.Debug|Any CPU.Build.0 = Debug|Any CPU
		{B43B2A3F-1783-4C06-AF1C-EF0A1BF40981}.Release|Any CPU.ActiveCfg = Release|Any CPU
		{B43B2A3F-1783-4C06-AF1C-EF0A1BF40981}.Release|Any CPU.Build.0 = Release|Any CPU
		{9C1688C0-160E-405F-9ED2-35851AF48CF4}.Debug|Any CPU.ActiveCfg = Debug|Any CPU
		{9C1688C0-160E-405F-9ED2-35851AF48CF4}.Debug|Any CPU.Build.0 = Debug|Any CPU
		{9C1688C0-160E-405F-9ED2-35851AF48CF4}.Release|Any CPU.ActiveCfg = Release|Any CPU
		{9C1688C0-160E-405F-9ED2-35851AF48CF4}.Release|Any CPU.Build.0 = Release|Any CPU
	EndGlobalSection
	GlobalSection(SolutionProperties) = preSolution
		HideSolutionNode = FALSE
	EndGlobalSection
	GlobalSection(ExtensibilityGlobals) = postSolution
		SolutionGuid = {8B52C1A4-08BC-4D6D-8868-2A3C93C433E0}
	EndGlobalSection
EndGlobal
